# This file is automatically @generated by Cargo.
# It is not intended for manual editing.
[[package]]
name = "ascii_table"
version = "3.0.2"
source = "registry+https://github.com/rust-lang/crates.io-index"
checksum = "51f0a58f3b1453981b910b603a4a7346be14fccd50f8edd7c954725a9210c24f"

[[package]]
name = "binme"
version = "0.1.0"
dependencies = [
 "ascii_table",
]
